// !$*UTF8*$!
{
	archiveVersion = 1;
	classes = {
	};
	objectVersion = 50;
	objects = {

/* Begin PBXBuildFile section */
		74FB3A6022A526730034914A /* SWVLFileReader.swift in Sources */ = {isa = PBXBuildFile; fileRef = 74FB3A5F22A526730034914A /* SWVLFileReader.swift */; };
		74FB3A6222A537300034914A /* HomeViewController+SearchBar.swift in Sources */ = {isa = PBXBuildFile; fileRef = 74FB3A6122A537300034914A /* HomeViewController+SearchBar.swift */; };
		791E069222A7A9C5007797AF /* Constants.swift in Sources */ = {isa = PBXBuildFile; fileRef = 791E069122A7A9C5007797AF /* Constants.swift */; };
		791E069422A7F66E007797AF /* DetailsScreenMocks.swift in Sources */ = {isa = PBXBuildFile; fileRef = 791E069322A7F66E007797AF /* DetailsScreenMocks.swift */; };
		791E069722A7F71D007797AF /* URLSessionRequestDetailsViewModel.swift in Sources */ = {isa = PBXBuildFile; fileRef = 791E069622A7F71D007797AF /* URLSessionRequestDetailsViewModel.swift */; };
		791E069922A80ABB007797AF /* HomeViewControllerTest.swift in Sources */ = {isa = PBXBuildFile; fileRef = 791E069822A80ABB007797AF /* HomeViewControllerTest.swift */; };
		797CBE7022A420C200482019 /* AppDelegate.swift in Sources */ = {isa = PBXBuildFile; fileRef = 797CBE6F22A420C200482019 /* AppDelegate.swift */; };
		797CBE7222A420C200482019 /* HomeViewController.swift in Sources */ = {isa = PBXBuildFile; fileRef = 797CBE7122A420C200482019 /* HomeViewController.swift */; };
		797CBE7522A420C200482019 /* Main.storyboard in Resources */ = {isa = PBXBuildFile; fileRef = 797CBE7322A420C200482019 /* Main.storyboard */; };
		797CBE7822A420C200482019 /* SwvlTask.xcdatamodeld in Sources */ = {isa = PBXBuildFile; fileRef = 797CBE7622A420C200482019 /* SwvlTask.xcdatamodeld */; };
		797CBE7A22A420C900482019 /* Assets.xcassets in Resources */ = {isa = PBXBuildFile; fileRef = 797CBE7922A420C900482019 /* Assets.xcassets */; };
		797CBE7D22A420C900482019 /* LaunchScreen.storyboard in Resources */ = {isa = PBXBuildFile; fileRef = 797CBE7B22A420C900482019 /* LaunchScreen.storyboard */; };
		797CBE8822A420C900482019 /* SwvlTaskTests.swift in Sources */ = {isa = PBXBuildFile; fileRef = 797CBE8722A420C900482019 /* SwvlTaskTests.swift */; };
		797CBE9322A420C900482019 /* SwvlTaskUITests.swift in Sources */ = {isa = PBXBuildFile; fileRef = 797CBE9222A420C900482019 /* SwvlTaskUITests.swift */; };
		797CBEAA22A4247700482019 /* AllMoviesModel.swift in Sources */ = {isa = PBXBuildFile; fileRef = 797CBEA922A4247700482019 /* AllMoviesModel.swift */; };
		797CBEB122A42EEB00482019 /* MovieCell.swift in Sources */ = {isa = PBXBuildFile; fileRef = 797CBEB022A42EEB00482019 /* MovieCell.swift */; };
		797CBEBA22A4312800482019 /* HomeviewModel.swift in Sources */ = {isa = PBXBuildFile; fileRef = 797CBEB922A4312800482019 /* HomeviewModel.swift */; };
		797CBEC322A43B5400482019 /* FileReader.swift in Sources */ = {isa = PBXBuildFile; fileRef = 797CBEC222A43B5400482019 /* FileReader.swift */; };
		797CBEC822A44B8700482019 /* swvlFileReaderTests.swift in Sources */ = {isa = PBXBuildFile; fileRef = 797CBEC722A44B8700482019 /* swvlFileReaderTests.swift */; };
		797CBED222A4596C00482019 /* HomeViewModelTests.swift in Sources */ = {isa = PBXBuildFile; fileRef = 797CBED122A4596C00482019 /* HomeViewModelTests.swift */; };
		797CBED522A4599500482019 /* SWVLFileReaderMock.swift in Sources */ = {isa = PBXBuildFile; fileRef = 797CBED422A4599500482019 /* SWVLFileReaderMock.swift */; };
		797CBED722A48D3300482019 /* HomeViewController+UITableView.swift in Sources */ = {isa = PBXBuildFile; fileRef = 797CBED622A48D3300482019 /* HomeViewController+UITableView.swift */; };
		797CBEE522A5897E00482019 /* MergeSortTests.swift in Sources */ = {isa = PBXBuildFile; fileRef = 797CBEE422A5897E00482019 /* MergeSortTests.swift */; };
		797CBEE722A58D2F00482019 /* Sorter.swift in Sources */ = {isa = PBXBuildFile; fileRef = 797CBEE622A58D2F00482019 /* Sorter.swift */; };
		797CBEE922A59BC600482019 /* fake_movies.json in Resources */ = {isa = PBXBuildFile; fileRef = 797CBEE822A59BC600482019 /* fake_movies.json */; };
		797CBEEB22A59EAB00482019 /* all_movies.json in Resources */ = {isa = PBXBuildFile; fileRef = 797CBEEA22A59EAA00482019 /* all_movies.json */; };
		79DE2AAB22A67A7900913648 /* swvlSorter.swift in Sources */ = {isa = PBXBuildFile; fileRef = 79DE2AAA22A67A7900913648 /* swvlSorter.swift */; };
		79DE2AAD22A6850C00913648 /* DetailsViewController.swift in Sources */ = {isa = PBXBuildFile; fileRef = 79DE2AAC22A6850C00913648 /* DetailsViewController.swift */; };
		79DE2AB022A69C0800913648 /* ImagesModel.swift in Sources */ = {isa = PBXBuildFile; fileRef = 79DE2AAF22A69C0800913648 /* ImagesModel.swift */; };
		79DE2AB722A69CD300913648 /* DetailsViewModel.swift in Sources */ = {isa = PBXBuildFile; fileRef = 79DE2AB622A69CD300913648 /* DetailsViewModel.swift */; };
		79E7C6FC22A71A8F008D5156 /* DetailsViewController+CollectionView.swift in Sources */ = {isa = PBXBuildFile; fileRef = 79E7C6FB22A71A8F008D5156 /* DetailsViewController+CollectionView.swift */; };
		79E995E122A6BBB50034FFF9 /* MovieImageCell.swift in Sources */ = {isa = PBXBuildFile; fileRef = 79E995E022A6BBB50034FFF9 /* MovieImageCell.swift */; };
		79E995E422A6BDBF0034FFF9 /* Extensions.swift in Sources */ = {isa = PBXBuildFile; fileRef = 79E995E322A6BDBF0034FFF9 /* Extensions.swift */; };
		B0A7E009D822C162840E4F81 /* Pods_SwvlTaskTests.framework in Frameworks */ = {isa = PBXBuildFile; fileRef = 1EC592BC87525FFEE13D2962 /* Pods_SwvlTaskTests.framework */; };
		BCF6FDC557ACCD20AEFA4559 /* Pods_SwvlTaskUITests.framework in Frameworks */ = {isa = PBXBuildFile; fileRef = A7C8DDCE557FCD275C8F018B /* Pods_SwvlTaskUITests.framework */; };
		E3207A980CE0CE75340A8570 /* Pods_SwvlTask.framework in Frameworks */ = {isa = PBXBuildFile; fileRef = C2D7AC28F586DC38A4B15EAD /* Pods_SwvlTask.framework */; };
/* End PBXBuildFile section */

/* Begin PBXContainerItemProxy section */
		797CBE8422A420C900482019 /* PBXContainerItemProxy */ = {
			isa = PBXContainerItemProxy;
			containerPortal = 797CBE6422A420C200482019 /* Project object */;
			proxyType = 1;
			remoteGlobalIDString = 797CBE6B22A420C200482019;
			remoteInfo = SwvlTask;
		};
		797CBE8F22A420C900482019 /* PBXContainerItemProxy */ = {
			isa = PBXContainerItemProxy;
			containerPortal = 797CBE6422A420C200482019 /* Project object */;
			proxyType = 1;
			remoteGlobalIDString = 797CBE6B22A420C200482019;
			remoteInfo = SwvlTask;
		};
/* End PBXContainerItemProxy section */

/* Begin PBXFileReference section */
		04CDC9F5D4E9D72EBD7DF5EC /* Pods-SwvlTaskUITests.release.xcconfig */ = {isa = PBXFileReference; includeInIndex = 1; lastKnownFileType = text.xcconfig; name = "Pods-SwvlTaskUITests.release.xcconfig"; path = "Pods/Target Support Files/Pods-SwvlTaskUITests/Pods-SwvlTaskUITests.release.xcconfig"; sourceTree = "<group>"; };
		1EC592BC87525FFEE13D2962 /* Pods_SwvlTaskTests.framework */ = {isa = PBXFileReference; explicitFileType = wrapper.framework; includeInIndex = 0; path = Pods_SwvlTaskTests.framework; sourceTree = BUILT_PRODUCTS_DIR; };
		2BF75D697787DF30B66EDF1C /* Pods-SwvlTask.debug.xcconfig */ = {isa = PBXFileReference; includeInIndex = 1; lastKnownFileType = text.xcconfig; name = "Pods-SwvlTask.debug.xcconfig"; path = "Pods/Target Support Files/Pods-SwvlTask/Pods-SwvlTask.debug.xcconfig"; sourceTree = "<group>"; };
		74FB3A5F22A526730034914A /* SWVLFileReader.swift */ = {isa = PBXFileReference; lastKnownFileType = sourcecode.swift; path = SWVLFileReader.swift; sourceTree = "<group>"; };
		74FB3A6122A537300034914A /* HomeViewController+SearchBar.swift */ = {isa = PBXFileReference; lastKnownFileType = sourcecode.swift; path = "HomeViewController+SearchBar.swift"; sourceTree = "<group>"; };
		791E069122A7A9C5007797AF /* Constants.swift */ = {isa = PBXFileReference; lastKnownFileType = sourcecode.swift; path = Constants.swift; sourceTree = "<group>"; };
		791E069322A7F66E007797AF /* DetailsScreenMocks.swift */ = {isa = PBXFileReference; lastKnownFileType = sourcecode.swift; path = DetailsScreenMocks.swift; sourceTree = "<group>"; };
		791E069622A7F71D007797AF /* URLSessionRequestDetailsViewModel.swift */ = {isa = PBXFileReference; lastKnownFileType = sourcecode.swift; path = URLSessionRequestDetailsViewModel.swift; sourceTree = "<group>"; };
		791E069822A80ABB007797AF /* HomeViewControllerTest.swift */ = {isa = PBXFileReference; lastKnownFileType = sourcecode.swift; path = HomeViewControllerTest.swift; sourceTree = "<group>"; };
		797CBE6C22A420C200482019 /* SwvlTask.app */ = {isa = PBXFileReference; explicitFileType = wrapper.application; includeInIndex = 0; path = SwvlTask.app; sourceTree = BUILT_PRODUCTS_DIR; };
		797CBE6F22A420C200482019 /* AppDelegate.swift */ = {isa = PBXFileReference; lastKnownFileType = sourcecode.swift; path = AppDelegate.swift; sourceTree = "<group>"; };
		797CBE7122A420C200482019 /* HomeViewController.swift */ = {isa = PBXFileReference; lastKnownFileType = sourcecode.swift; path = HomeViewController.swift; sourceTree = "<group>"; };
		797CBE7422A420C200482019 /* Base */ = {isa = PBXFileReference; lastKnownFileType = file.storyboard; name = Base; path = Base.lproj/Main.storyboard; sourceTree = "<group>"; };
		797CBE7722A420C200482019 /* SwvlTask.xcdatamodel */ = {isa = PBXFileReference; lastKnownFileType = wrapper.xcdatamodel; path = SwvlTask.xcdatamodel; sourceTree = "<group>"; };
		797CBE7922A420C900482019 /* Assets.xcassets */ = {isa = PBXFileReference; lastKnownFileType = folder.assetcatalog; path = Assets.xcassets; sourceTree = "<group>"; };
		797CBE7C22A420C900482019 /* Base */ = {isa = PBXFileReference; lastKnownFileType = file.storyboard; name = Base; path = Base.lproj/LaunchScreen.storyboard; sourceTree = "<group>"; };
		797CBE7E22A420C900482019 /* Info.plist */ = {isa = PBXFileReference; lastKnownFileType = text.plist.xml; path = Info.plist; sourceTree = "<group>"; };
		797CBE8322A420C900482019 /* SwvlTaskTests.xctest */ = {isa = PBXFileReference; explicitFileType = wrapper.cfbundle; includeInIndex = 0; path = SwvlTaskTests.xctest; sourceTree = BUILT_PRODUCTS_DIR; };
		797CBE8722A420C900482019 /* SwvlTaskTests.swift */ = {isa = PBXFileReference; lastKnownFileType = sourcecode.swift; path = SwvlTaskTests.swift; sourceTree = "<group>"; };
		797CBE8922A420C900482019 /* Info.plist */ = {isa = PBXFileReference; lastKnownFileType = text.plist.xml; path = Info.plist; sourceTree = "<group>"; };
		797CBE8E22A420C900482019 /* SwvlTaskUITests.xctest */ = {isa = PBXFileReference; explicitFileType = wrapper.cfbundle; includeInIndex = 0; path = SwvlTaskUITests.xctest; sourceTree = BUILT_PRODUCTS_DIR; };
		797CBE9222A420C900482019 /* SwvlTaskUITests.swift */ = {isa = PBXFileReference; lastKnownFileType = sourcecode.swift; path = SwvlTaskUITests.swift; sourceTree = "<group>"; };
		797CBE9422A420C900482019 /* Info.plist */ = {isa = PBXFileReference; lastKnownFileType = text.plist.xml; path = Info.plist; sourceTree = "<group>"; };
		797CBEA922A4247700482019 /* AllMoviesModel.swift */ = {isa = PBXFileReference; lastKnownFileType = sourcecode.swift; path = AllMoviesModel.swift; sourceTree = "<group>"; };
		797CBEB022A42EEB00482019 /* MovieCell.swift */ = {isa = PBXFileReference; lastKnownFileType = sourcecode.swift; path = MovieCell.swift; sourceTree = "<group>"; };
		797CBEB922A4312800482019 /* HomeviewModel.swift */ = {isa = PBXFileReference; lastKnownFileType = sourcecode.swift; path = HomeviewModel.swift; sourceTree = "<group>"; };
		797CBEC222A43B5400482019 /* FileReader.swift */ = {isa = PBXFileReference; lastKnownFileType = sourcecode.swift; path = FileReader.swift; sourceTree = "<group>"; };
		797CBEC722A44B8700482019 /* swvlFileReaderTests.swift */ = {isa = PBXFileReference; lastKnownFileType = sourcecode.swift; path = swvlFileReaderTests.swift; sourceTree = "<group>"; };
		797CBED122A4596C00482019 /* HomeViewModelTests.swift */ = {isa = PBXFileReference; lastKnownFileType = sourcecode.swift; path = HomeViewModelTests.swift; sourceTree = "<group>"; };
		797CBED422A4599500482019 /* SWVLFileReaderMock.swift */ = {isa = PBXFileReference; lastKnownFileType = sourcecode.swift; path = SWVLFileReaderMock.swift; sourceTree = "<group>"; };
		797CBED622A48D3300482019 /* HomeViewController+UITableView.swift */ = {isa = PBXFileReference; lastKnownFileType = sourcecode.swift; path = "HomeViewController+UITableView.swift"; sourceTree = "<group>"; };
		797CBEE422A5897E00482019 /* MergeSortTests.swift */ = {isa = PBXFileReference; lastKnownFileType = sourcecode.swift; path = MergeSortTests.swift; sourceTree = "<group>"; };
		797CBEE622A58D2F00482019 /* Sorter.swift */ = {isa = PBXFileReference; lastKnownFileType = sourcecode.swift; path = Sorter.swift; sourceTree = "<group>"; };
		797CBEE822A59BC600482019 /* fake_movies.json */ = {isa = PBXFileReference; fileEncoding = 4; lastKnownFileType = text.json; name = fake_movies.json; path = SwvlTask/fake_movies.json; sourceTree = SOURCE_ROOT; };
		797CBEEA22A59EAA00482019 /* all_movies.json */ = {isa = PBXFileReference; fileEncoding = 4; lastKnownFileType = text.json; path = all_movies.json; sourceTree = "<group>"; };
		79DE2AAA22A67A7900913648 /* swvlSorter.swift */ = {isa = PBXFileReference; lastKnownFileType = sourcecode.swift; path = swvlSorter.swift; sourceTree = "<group>"; };
		79DE2AAC22A6850C00913648 /* DetailsViewController.swift */ = {isa = PBXFileReference; lastKnownFileType = sourcecode.swift; name = DetailsViewController.swift; path = SwvlTask/Sorter/DetailsViewController.swift; sourceTree = SOURCE_ROOT; };
		79DE2AAF22A69C0800913648 /* ImagesModel.swift */ = {isa = PBXFileReference; lastKnownFileType = sourcecode.swift; path = ImagesModel.swift; sourceTree = "<group>"; };
		79DE2AB622A69CD300913648 /* DetailsViewModel.swift */ = {isa = PBXFileReference; lastKnownFileType = sourcecode.swift; path = DetailsViewModel.swift; sourceTree = "<group>"; };
		79E7C6FB22A71A8F008D5156 /* DetailsViewController+CollectionView.swift */ = {isa = PBXFileReference; lastKnownFileType = sourcecode.swift; path = "DetailsViewController+CollectionView.swift"; sourceTree = "<group>"; };
		79E995E022A6BBB50034FFF9 /* MovieImageCell.swift */ = {isa = PBXFileReference; lastKnownFileType = sourcecode.swift; path = MovieImageCell.swift; sourceTree = "<group>"; };
		79E995E322A6BDBF0034FFF9 /* Extensions.swift */ = {isa = PBXFileReference; lastKnownFileType = sourcecode.swift; path = Extensions.swift; sourceTree = "<group>"; };
		A63620CBC45621E54D3996D8 /* Pods-SwvlTask.release.xcconfig */ = {isa = PBXFileReference; includeInIndex = 1; lastKnownFileType = text.xcconfig; name = "Pods-SwvlTask.release.xcconfig"; path = "Pods/Target Support Files/Pods-SwvlTask/Pods-SwvlTask.release.xcconfig"; sourceTree = "<group>"; };
		A7C8DDCE557FCD275C8F018B /* Pods_SwvlTaskUITests.framework */ = {isa = PBXFileReference; explicitFileType = wrapper.framework; includeInIndex = 0; path = Pods_SwvlTaskUITests.framework; sourceTree = BUILT_PRODUCTS_DIR; };
		ABFD3EA4150AC971DBB9E994 /* Pods-SwvlTaskTests.debug.xcconfig */ = {isa = PBXFileReference; includeInIndex = 1; lastKnownFileType = text.xcconfig; name = "Pods-SwvlTaskTests.debug.xcconfig"; path = "Pods/Target Support Files/Pods-SwvlTaskTests/Pods-SwvlTaskTests.debug.xcconfig"; sourceTree = "<group>"; };
		C2D7AC28F586DC38A4B15EAD /* Pods_SwvlTask.framework */ = {isa = PBXFileReference; explicitFileType = wrapper.framework; includeInIndex = 0; path = Pods_SwvlTask.framework; sourceTree = BUILT_PRODUCTS_DIR; };
		E123F8D4829921F9F6E32103 /* Pods-SwvlTaskUITests.debug.xcconfig */ = {isa = PBXFileReference; includeInIndex = 1; lastKnownFileType = text.xcconfig; name = "Pods-SwvlTaskUITests.debug.xcconfig"; path = "Pods/Target Support Files/Pods-SwvlTaskUITests/Pods-SwvlTaskUITests.debug.xcconfig"; sourceTree = "<group>"; };
		EF1EE09A6FC66871C991C1B3 /* Pods-SwvlTaskTests.release.xcconfig */ = {isa = PBXFileReference; includeInIndex = 1; lastKnownFileType = text.xcconfig; name = "Pods-SwvlTaskTests.release.xcconfig"; path = "Pods/Target Support Files/Pods-SwvlTaskTests/Pods-SwvlTaskTests.release.xcconfig"; sourceTree = "<group>"; };
/* End PBXFileReference section */

/* Begin PBXFrameworksBuildPhase section */
		797CBE6922A420C200482019 /* Frameworks */ = {
			isa = PBXFrameworksBuildPhase;
			buildActionMask = 2147483647;
			files = (
				E3207A980CE0CE75340A8570 /* Pods_SwvlTask.framework in Frameworks */,
			);
			runOnlyForDeploymentPostprocessing = 0;
		};
		797CBE8022A420C900482019 /* Frameworks */ = {
			isa = PBXFrameworksBuildPhase;
			buildActionMask = 2147483647;
			files = (
				B0A7E009D822C162840E4F81 /* Pods_SwvlTaskTests.framework in Frameworks */,
			);
			runOnlyForDeploymentPostprocessing = 0;
		};
		797CBE8B22A420C900482019 /* Frameworks */ = {
			isa = PBXFrameworksBuildPhase;
			buildActionMask = 2147483647;
			files = (
				BCF6FDC557ACCD20AEFA4559 /* Pods_SwvlTaskUITests.framework in Frameworks */,
			);
			runOnlyForDeploymentPostprocessing = 0;
		};
/* End PBXFrameworksBuildPhase section */

/* Begin PBXGroup section */
		04CCCF044F84EAD5A47023B0 /* Pods */ = {
			isa = PBXGroup;
			children = (
				2BF75D697787DF30B66EDF1C /* Pods-SwvlTask.debug.xcconfig */,
				A63620CBC45621E54D3996D8 /* Pods-SwvlTask.release.xcconfig */,
				ABFD3EA4150AC971DBB9E994 /* Pods-SwvlTaskTests.debug.xcconfig */,
				EF1EE09A6FC66871C991C1B3 /* Pods-SwvlTaskTests.release.xcconfig */,
				E123F8D4829921F9F6E32103 /* Pods-SwvlTaskUITests.debug.xcconfig */,
				04CDC9F5D4E9D72EBD7DF5EC /* Pods-SwvlTaskUITests.release.xcconfig */,
			);
			name = Pods;
			sourceTree = "<group>";
		};
		40B2F3F6DA533A68A060A5AC /* Frameworks */ = {
			isa = PBXGroup;
			children = (
				C2D7AC28F586DC38A4B15EAD /* Pods_SwvlTask.framework */,
				1EC592BC87525FFEE13D2962 /* Pods_SwvlTaskTests.framework */,
				A7C8DDCE557FCD275C8F018B /* Pods_SwvlTaskUITests.framework */,
			);
			name = Frameworks;
			sourceTree = "<group>";
		};
		791E069522A7F6CE007797AF /* Details */ = {
			isa = PBXGroup;
			children = (
				791E069622A7F71D007797AF /* URLSessionRequestDetailsViewModel.swift */,
			);
			path = Details;
			sourceTree = "<group>";
		};
		797CBE6322A420C200482019 = {
			isa = PBXGroup;
			children = (
				797CBE6E22A420C200482019 /* SwvlTask */,
				797CBE8622A420C900482019 /* SwvlTaskTests */,
				797CBE9122A420C900482019 /* SwvlTaskUITests */,
				797CBE6D22A420C200482019 /* Products */,
				04CCCF044F84EAD5A47023B0 /* Pods */,
				40B2F3F6DA533A68A060A5AC /* Frameworks */,
			);
			sourceTree = "<group>";
		};
		797CBE6D22A420C200482019 /* Products */ = {
			isa = PBXGroup;
			children = (
				797CBE6C22A420C200482019 /* SwvlTask.app */,
				797CBE8322A420C900482019 /* SwvlTaskTests.xctest */,
				797CBE8E22A420C900482019 /* SwvlTaskUITests.xctest */,
			);
			name = Products;
			sourceTree = "<group>";
		};
		797CBE6E22A420C200482019 /* SwvlTask */ = {
			isa = PBXGroup;
			children = (
				797CBE6F22A420C200482019 /* AppDelegate.swift */,
				797CBEEA22A59EAA00482019 /* all_movies.json */,
				79E995E222A6BDA70034FFF9 /* Helpers */,
				797CBEE022A587BB00482019 /* Sorter */,
				797CBEBD22A433FB00482019 /* FileReader */,
				797CBEAF22A42A0400482019 /* ViewModels */,
				797CBEAE22A429FB00482019 /* View */,
				797CBEAD22A429E500482019 /* ViewController */,
				797CBEA822A4245400482019 /* Models */,
				797CBE7922A420C900482019 /* Assets.xcassets */,
				797CBE7E22A420C900482019 /* Info.plist */,
				797CBE7622A420C200482019 /* SwvlTask.xcdatamodeld */,
			);
			path = SwvlTask;
			sourceTree = "<group>";
		};
		797CBE8622A420C900482019 /* SwvlTaskTests */ = {
			isa = PBXGroup;
			children = (
				791E069822A80ABB007797AF /* HomeViewControllerTest.swift */,
				797CBEE322A5894C00482019 /* Helper */,
				797CBED322A4597600482019 /* Mocks */,
				797CBECF22A4594700482019 /* ViewModels */,
				797CBEC622A44B4900482019 /* FileReader */,
				797CBE8722A420C900482019 /* SwvlTaskTests.swift */,
				797CBE8922A420C900482019 /* Info.plist */,
			);
			path = SwvlTaskTests;
			sourceTree = "<group>";
		};
		797CBE9122A420C900482019 /* SwvlTaskUITests */ = {
			isa = PBXGroup;
			children = (
				797CBE9222A420C900482019 /* SwvlTaskUITests.swift */,
				797CBE9422A420C900482019 /* Info.plist */,
			);
			path = SwvlTaskUITests;
			sourceTree = "<group>";
		};
		797CBEA822A4245400482019 /* Models */ = {
			isa = PBXGroup;
			children = (
				79DE2AAF22A69C0800913648 /* ImagesModel.swift */,
				797CBEA922A4247700482019 /* AllMoviesModel.swift */,
			);
			path = Models;
			sourceTree = "<group>";
		};
		797CBEAD22A429E500482019 /* ViewController */ = {
			isa = PBXGroup;
			children = (
				797CBEB622A4301C00482019 /* Details */,
				797CBEB522A4301200482019 /* Home */,
			);
			path = ViewController;
			sourceTree = "<group>";
		};
		797CBEAE22A429FB00482019 /* View */ = {
			isa = PBXGroup;
			children = (
				797CBE7322A420C200482019 /* Main.storyboard */,
				797CBE7B22A420C900482019 /* LaunchScreen.storyboard */,
			);
			path = View;
			sourceTree = "<group>";
		};
		797CBEAF22A42A0400482019 /* ViewModels */ = {
			isa = PBXGroup;
			children = (
				797CBEB822A4310900482019 /* Details */,
				797CBEB722A4310200482019 /* Home */,
			);
			path = ViewModels;
			sourceTree = "<group>";
		};
		797CBEB522A4301200482019 /* Home */ = {
			isa = PBXGroup;
			children = (
				797CBE7122A420C200482019 /* HomeViewController.swift */,
				797CBED622A48D3300482019 /* HomeViewController+UITableView.swift */,
				74FB3A6122A537300034914A /* HomeViewController+SearchBar.swift */,
				797CBEB022A42EEB00482019 /* MovieCell.swift */,
			);
			path = Home;
			sourceTree = "<group>";
		};
		797CBEB622A4301C00482019 /* Details */ = {
			isa = PBXGroup;
			children = (
				79E995E022A6BBB50034FFF9 /* MovieImageCell.swift */,
				79DE2AAC22A6850C00913648 /* DetailsViewController.swift */,
				79E7C6FB22A71A8F008D5156 /* DetailsViewController+CollectionView.swift */,
			);
			path = Details;
			sourceTree = "<group>";
		};
		797CBEB722A4310200482019 /* Home */ = {
			isa = PBXGroup;
			children = (
				797CBEB922A4312800482019 /* HomeviewModel.swift */,
			);
			path = Home;
			sourceTree = "<group>";
		};
		797CBEB822A4310900482019 /* Details */ = {
			isa = PBXGroup;
			children = (
				79DE2AB622A69CD300913648 /* DetailsViewModel.swift */,
			);
			path = Details;
			sourceTree = "<group>";
		};
		797CBEBD22A433FB00482019 /* FileReader */ = {
			isa = PBXGroup;
			children = (
				797CBEC222A43B5400482019 /* FileReader.swift */,
				74FB3A5F22A526730034914A /* SWVLFileReader.swift */,
			);
			path = FileReader;
			sourceTree = "<group>";
		};
		797CBEC622A44B4900482019 /* FileReader */ = {
			isa = PBXGroup;
			children = (
				797CBEE822A59BC600482019 /* fake_movies.json */,
				797CBEC722A44B8700482019 /* swvlFileReaderTests.swift */,
			);
			path = FileReader;
			sourceTree = "<group>";
		};
		797CBECF22A4594700482019 /* ViewModels */ = {
			isa = PBXGroup;
			children = (
				791E069522A7F6CE007797AF /* Details */,
				797CBED022A4595000482019 /* Home */,
			);
			path = ViewModels;
			sourceTree = "<group>";
		};
		797CBED022A4595000482019 /* Home */ = {
			isa = PBXGroup;
			children = (
				797CBED122A4596C00482019 /* HomeViewModelTests.swift */,
			);
			path = Home;
			sourceTree = "<group>";
		};
		797CBED322A4597600482019 /* Mocks */ = {
			isa = PBXGroup;
			children = (
				797CBED422A4599500482019 /* SWVLFileReaderMock.swift */,
				791E069322A7F66E007797AF /* DetailsScreenMocks.swift */,
			);
			path = Mocks;
			sourceTree = "<group>";
		};
		797CBEE022A587BB00482019 /* Sorter */ = {
			isa = PBXGroup;
			children = (
				79DE2AAA22A67A7900913648 /* swvlSorter.swift */,
				797CBEE622A58D2F00482019 /* Sorter.swift */,
			);
			path = Sorter;
			sourceTree = "<group>";
		};
		797CBEE322A5894C00482019 /* Helper */ = {
			isa = PBXGroup;
			children = (
				797CBEE422A5897E00482019 /* MergeSortTests.swift */,
			);
			path = Helper;
			sourceTree = "<group>";
		};
		79E995E222A6BDA70034FFF9 /* Helpers */ = {
			isa = PBXGroup;
			children = (
				79E995E322A6BDBF0034FFF9 /* Extensions.swift */,
				791E069122A7A9C5007797AF /* Constants.swift */,
			);
			path = Helpers;
			sourceTree = "<group>";
		};
/* End PBXGroup section */

/* Begin PBXNativeTarget section */
		797CBE6B22A420C200482019 /* SwvlTask */ = {
			isa = PBXNativeTarget;
			buildConfigurationList = 797CBE9722A420C900482019 /* Build configuration list for PBXNativeTarget "SwvlTask" */;
			buildPhases = (
				F3B8EFA8F724168623134D4F /* [CP] Check Pods Manifest.lock */,
				797CBE6822A420C200482019 /* Sources */,
				797CBE6922A420C200482019 /* Frameworks */,
				797CBE6A22A420C200482019 /* Resources */,
				BE78B0BCEA9C32068421E803 /* [CP] Embed Pods Frameworks */,
			);
			buildRules = (
			);
			dependencies = (
			);
			name = SwvlTask;
			productName = SwvlTask;
			productReference = 797CBE6C22A420C200482019 /* SwvlTask.app */;
			productType = "com.apple.product-type.application";
		};
		797CBE8222A420C900482019 /* SwvlTaskTests */ = {
			isa = PBXNativeTarget;
			buildConfigurationList = 797CBE9A22A420C900482019 /* Build configuration list for PBXNativeTarget "SwvlTaskTests" */;
			buildPhases = (
				FD0D82595268B14DAA5D32A9 /* [CP] Check Pods Manifest.lock */,
				797CBE7F22A420C900482019 /* Sources */,
				797CBE8022A420C900482019 /* Frameworks */,
				797CBE8122A420C900482019 /* Resources */,
			);
			buildRules = (
			);
			dependencies = (
				797CBE8522A420C900482019 /* PBXTargetDependency */,
			);
			name = SwvlTaskTests;
			productName = SwvlTaskTests;
			productReference = 797CBE8322A420C900482019 /* SwvlTaskTests.xctest */;
			productType = "com.apple.product-type.bundle.unit-test";
		};
		797CBE8D22A420C900482019 /* SwvlTaskUITests */ = {
			isa = PBXNativeTarget;
			buildConfigurationList = 797CBE9D22A420C900482019 /* Build configuration list for PBXNativeTarget "SwvlTaskUITests" */;
			buildPhases = (
				C07CE79E6F911363E865C736 /* [CP] Check Pods Manifest.lock */,
				797CBE8A22A420C900482019 /* Sources */,
				797CBE8B22A420C900482019 /* Frameworks */,
				797CBE8C22A420C900482019 /* Resources */,
			);
			buildRules = (
			);
			dependencies = (
				797CBE9022A420C900482019 /* PBXTargetDependency */,
			);
			name = SwvlTaskUITests;
			productName = SwvlTaskUITests;
			productReference = 797CBE8E22A420C900482019 /* SwvlTaskUITests.xctest */;
			productType = "com.apple.product-type.bundle.ui-testing";
		};
/* End PBXNativeTarget section */

/* Begin PBXProject section */
		797CBE6422A420C200482019 /* Project object */ = {
			isa = PBXProject;
			attributes = {
				LastSwiftUpdateCheck = 1010;
				LastUpgradeCheck = 1010;
				ORGANIZATIONNAME = minamagdy;
				TargetAttributes = {
					797CBE6B22A420C200482019 = {
						CreatedOnToolsVersion = 10.1;
					};
					797CBE8222A420C900482019 = {
						CreatedOnToolsVersion = 10.1;
						TestTargetID = 797CBE6B22A420C200482019;
					};
					797CBE8D22A420C900482019 = {
						CreatedOnToolsVersion = 10.1;
						TestTargetID = 797CBE6B22A420C200482019;
					};
				};
			};
			buildConfigurationList = 797CBE6722A420C200482019 /* Build configuration list for PBXProject "SwvlTask" */;
			compatibilityVersion = "Xcode 9.3";
			developmentRegion = en;
			hasScannedForEncodings = 0;
			knownRegions = (
				en,
				Base,
			);
			mainGroup = 797CBE6322A420C200482019;
			productRefGroup = 797CBE6D22A420C200482019 /* Products */;
			projectDirPath = "";
			projectRoot = "";
			targets = (
				797CBE6B22A420C200482019 /* SwvlTask */,
				797CBE8222A420C900482019 /* SwvlTaskTests */,
				797CBE8D22A420C900482019 /* SwvlTaskUITests */,
			);
		};
/* End PBXProject section */

/* Begin PBXResourcesBuildPhase section */
		797CBE6A22A420C200482019 /* Resources */ = {
			isa = PBXResourcesBuildPhase;
			buildActionMask = 2147483647;
			files = (
				797CBE7D22A420C900482019 /* LaunchScreen.storyboard in Resources */,
				797CBE7A22A420C900482019 /* Assets.xcassets in Resources */,
				797CBEEB22A59EAB00482019 /* all_movies.json in Resources */,
				797CBE7522A420C200482019 /* Main.storyboard in Resources */,
			);
			runOnlyForDeploymentPostprocessing = 0;
		};
		797CBE8122A420C900482019 /* Resources */ = {
			isa = PBXResourcesBuildPhase;
			buildActionMask = 2147483647;
			files = (
				797CBEE922A59BC600482019 /* fake_movies.json in Resources */,
			);
			runOnlyForDeploymentPostprocessing = 0;
		};
		797CBE8C22A420C900482019 /* Resources */ = {
			isa = PBXResourcesBuildPhase;
			buildActionMask = 2147483647;
			files = (
			);
			runOnlyForDeploymentPostprocessing = 0;
		};
/* End PBXResourcesBuildPhase section */

/* Begin PBXShellScriptBuildPhase section */
		BE78B0BCEA9C32068421E803 /* [CP] Embed Pods Frameworks */ = {
			isa = PBXShellScriptBuildPhase;
			buildActionMask = 2147483647;
			files = (
			);
			inputPaths = (
				"${SRCROOT}/Pods/Target Support Files/Pods-SwvlTask/Pods-SwvlTask-frameworks.sh",
				"${BUILT_PRODUCTS_DIR}/Cosmos/Cosmos.framework",
				"${BUILT_PRODUCTS_DIR}/SDWebImage/SDWebImage.framework",
			);
			name = "[CP] Embed Pods Frameworks";
			outputPaths = (
				"${TARGET_BUILD_DIR}/${FRAMEWORKS_FOLDER_PATH}/Cosmos.framework",
				"${TARGET_BUILD_DIR}/${FRAMEWORKS_FOLDER_PATH}/SDWebImage.framework",
			);
			runOnlyForDeploymentPostprocessing = 0;
			shellPath = /bin/sh;
			shellScript = "\"${SRCROOT}/Pods/Target Support Files/Pods-SwvlTask/Pods-SwvlTask-frameworks.sh\"\n";
			showEnvVarsInLog = 0;
		};
		C07CE79E6F911363E865C736 /* [CP] Check Pods Manifest.lock */ = {
			isa = PBXShellScriptBuildPhase;
			buildActionMask = 2147483647;
			files = (
			);
			inputPaths = (
				"${PODS_PODFILE_DIR_PATH}/Podfile.lock",
				"${PODS_ROOT}/Manifest.lock",
			);
			name = "[CP] Check Pods Manifest.lock";
			outputPaths = (
				"$(DERIVED_FILE_DIR)/Pods-SwvlTaskUITests-checkManifestLockResult.txt",
			);
			runOnlyForDeploymentPostprocessing = 0;
			shellPath = /bin/sh;
			shellScript = "diff \"${PODS_PODFILE_DIR_PATH}/Podfile.lock\" \"${PODS_ROOT}/Manifest.lock\" > /dev/null\nif [ $? != 0 ] ; then\n    # print error to STDERR\n    echo \"error: The sandbox is not in sync with the Podfile.lock. Run 'pod install' or update your CocoaPods installation.\" >&2\n    exit 1\nfi\n# This output is used by Xcode 'outputs' to avoid re-running this script phase.\necho \"SUCCESS\" > \"${SCRIPT_OUTPUT_FILE_0}\"\n";
			showEnvVarsInLog = 0;
		};
		F3B8EFA8F724168623134D4F /* [CP] Check Pods Manifest.lock */ = {
			isa = PBXShellScriptBuildPhase;
			buildActionMask = 2147483647;
			files = (
			);
			inputPaths = (
				"${PODS_PODFILE_DIR_PATH}/Podfile.lock",
				"${PODS_ROOT}/Manifest.lock",
			);
			name = "[CP] Check Pods Manifest.lock";
			outputPaths = (
				"$(DERIVED_FILE_DIR)/Pods-SwvlTask-checkManifestLockResult.txt",
			);
			runOnlyForDeploymentPostprocessing = 0;
			shellPath = /bin/sh;
			shellScript = "diff \"${PODS_PODFILE_DIR_PATH}/Podfile.lock\" \"${PODS_ROOT}/Manifest.lock\" > /dev/null\nif [ $? != 0 ] ; then\n    # print error to STDERR\n    echo \"error: The sandbox is not in sync with the Podfile.lock. Run 'pod install' or update your CocoaPods installation.\" >&2\n    exit 1\nfi\n# This output is used by Xcode 'outputs' to avoid re-running this script phase.\necho \"SUCCESS\" > \"${SCRIPT_OUTPUT_FILE_0}\"\n";
			showEnvVarsInLog = 0;
		};
		FD0D82595268B14DAA5D32A9 /* [CP] Check Pods Manifest.lock */ = {
			isa = PBXShellScriptBuildPhase;
			buildActionMask = 2147483647;
			files = (
			);
			inputPaths = (
				"${PODS_PODFILE_DIR_PATH}/Podfile.lock",
				"${PODS_ROOT}/Manifest.lock",
			);
			name = "[CP] Check Pods Manifest.lock";
			outputPaths = (
				"$(DERIVED_FILE_DIR)/Pods-SwvlTaskTests-checkManifestLockResult.txt",
			);
			runOnlyForDeploymentPostprocessing = 0;
			shellPath = /bin/sh;
			shellScript = "diff \"${PODS_PODFILE_DIR_PATH}/Podfile.lock\" \"${PODS_ROOT}/Manifest.lock\" > /dev/null\nif [ $? != 0 ] ; then\n    # print error to STDERR\n    echo \"error: The sandbox is not in sync with the Podfile.lock. Run 'pod install' or update your CocoaPods installation.\" >&2\n    exit 1\nfi\n# This output is used by Xcode 'outputs' to avoid re-running this script phase.\necho \"SUCCESS\" > \"${SCRIPT_OUTPUT_FILE_0}\"\n";
			showEnvVarsInLog = 0;
		};
/* End PBXShellScriptBuildPhase section */

/* Begin PBXSourcesBuildPhase section */
		797CBE6822A420C200482019 /* Sources */ = {
			isa = PBXSourcesBuildPhase;
			buildActionMask = 2147483647;
			files = (
				79E7C6FC22A71A8F008D5156 /* DetailsViewController+CollectionView.swift in Sources */,
				791E069222A7A9C5007797AF /* Constants.swift in Sources */,
				797CBE7822A420C200482019 /* SwvlTask.xcdatamodeld in Sources */,
				79E995E422A6BDBF0034FFF9 /* Extensions.swift in Sources */,
				797CBEC322A43B5400482019 /* FileReader.swift in Sources */,
				797CBE7222A420C200482019 /* HomeViewController.swift in Sources */,
				79E995E122A6BBB50034FFF9 /* MovieImageCell.swift in Sources */,
				79DE2AB722A69CD300913648 /* DetailsViewModel.swift in Sources */,
				797CBEE722A58D2F00482019 /* Sorter.swift in Sources */,
				797CBED722A48D3300482019 /* HomeViewController+UITableView.swift in Sources */,
				74FB3A6222A537300034914A /* HomeViewController+SearchBar.swift in Sources */,
				797CBEBA22A4312800482019 /* HomeviewModel.swift in Sources */,
				797CBEB122A42EEB00482019 /* MovieCell.swift in Sources */,
				79DE2AAB22A67A7900913648 /* swvlSorter.swift in Sources */,
				797CBEAA22A4247700482019 /* AllMoviesModel.swift in Sources */,
				79DE2AAD22A6850C00913648 /* DetailsViewController.swift in Sources */,
				74FB3A6022A526730034914A /* SWVLFileReader.swift in Sources */,
				797CBE7022A420C200482019 /* AppDelegate.swift in Sources */,
				79DE2AB022A69C0800913648 /* ImagesModel.swift in Sources */,
			);
			runOnlyForDeploymentPostprocessing = 0;
		};
		797CBE7F22A420C900482019 /* Sources */ = {
			isa = PBXSourcesBuildPhase;
			buildActionMask = 2147483647;
			files = (
				791E069722A7F71D007797AF /* URLSessionRequestDetailsViewModel.swift in Sources */,
				797CBED522A4599500482019 /* SWVLFileReaderMock.swift in Sources */,
				797CBE8822A420C900482019 /* SwvlTaskTests.swift in Sources */,
				797CBED222A4596C00482019 /* HomeViewModelTests.swift in Sources */,
				797CBEC822A44B8700482019 /* swvlFileReaderTests.swift in Sources */,
				791E069422A7F66E007797AF /* DetailsScreenMocks.swift in Sources */,
				797CBEE522A5897E00482019 /* MergeSortTests.swift in Sources */,
				791E069922A80ABB007797AF /* HomeViewControllerTest.swift in Sources */,
			);
			runOnlyForDeploymentPostprocessing = 0;
		};
		797CBE8A22A420C900482019 /* Sources */ = {
			isa = PBXSourcesBuildPhase;
			buildActionMask = 2147483647;
			files = (
				797CBE9322A420C900482019 /* SwvlTaskUITests.swift in Sources */,
			);
			runOnlyForDeploymentPostprocessing = 0;
		};
/* End PBXSourcesBuildPhase section */

/* Begin PBXTargetDependency section */
		797CBE8522A420C900482019 /* PBXTargetDependency */ = {
			isa = PBXTargetDependency;
			target = 797CBE6B22A420C200482019 /* SwvlTask */;
			targetProxy = 797CBE8422A420C900482019 /* PBXContainerItemProxy */;
		};
		797CBE9022A420C900482019 /* PBXTargetDependency */ = {
			isa = PBXTargetDependency;
			target = 797CBE6B22A420C200482019 /* SwvlTask */;
			targetProxy = 797CBE8F22A420C900482019 /* PBXContainerItemProxy */;
		};
/* End PBXTargetDependency section */

/* Begin PBXVariantGroup section */
		797CBE7322A420C200482019 /* Main.storyboard */ = {
			isa = PBXVariantGroup;
			children = (
				797CBE7422A420C200482019 /* Base */,
			);
			name = Main.storyboard;
			sourceTree = "<group>";
		};
		797CBE7B22A420C900482019 /* LaunchScreen.storyboard */ = {
			isa = PBXVariantGroup;
			children = (
				797CBE7C22A420C900482019 /* Base */,
			);
			name = LaunchScreen.storyboard;
			sourceTree = "<group>";
		};
/* End PBXVariantGroup section */

/* Begin XCBuildConfiguration section */
		797CBE9522A420C900482019 /* Debug */ = {
			isa = XCBuildConfiguration;
			buildSettings = {
				ALWAYS_SEARCH_USER_PATHS = NO;
				CLANG_ANALYZER_NONNULL = YES;
				CLANG_ANALYZER_NUMBER_OBJECT_CONVERSION = YES_AGGRESSIVE;
				CLANG_CXX_LANGUAGE_STANDARD = "gnu++14";
				CLANG_CXX_LIBRARY = "libc++";
				CLANG_ENABLE_MODULES = YES;
				CLANG_ENABLE_OBJC_ARC = YES;
				CLANG_ENABLE_OBJC_WEAK = YES;
				CLANG_WARN_BLOCK_CAPTURE_AUTORELEASING = YES;
				CLANG_WARN_BOOL_CONVERSION = YES;
				CLANG_WARN_COMMA = YES;
				CLANG_WARN_CONSTANT_CONVERSION = YES;
				CLANG_WARN_DEPRECATED_OBJC_IMPLEMENTATIONS = YES;
				CLANG_WARN_DIRECT_OBJC_ISA_USAGE = YES_ERROR;
				CLANG_WARN_DOCUMENTATION_COMMENTS = YES;
				CLANG_WARN_EMPTY_BODY = YES;
				CLANG_WARN_ENUM_CONVERSION = YES;
				CLANG_WARN_INFINITE_RECURSION = YES;
				CLANG_WARN_INT_CONVERSION = YES;
				CLANG_WARN_NON_LITERAL_NULL_CONVERSION = YES;
				CLANG_WARN_OBJC_IMPLICIT_RETAIN_SELF = YES;
				CLANG_WARN_OBJC_LITERAL_CONVERSION = YES;
				CLANG_WARN_OBJC_ROOT_CLASS = YES_ERROR;
				CLANG_WARN_RANGE_LOOP_ANALYSIS = YES;
				CLANG_WARN_STRICT_PROTOTYPES = YES;
				CLANG_WARN_SUSPICIOUS_MOVE = YES;
				CLANG_WARN_UNGUARDED_AVAILABILITY = YES_AGGRESSIVE;
				CLANG_WARN_UNREACHABLE_CODE = YES;
				CLANG_WARN__DUPLICATE_METHOD_MATCH = YES;
				CODE_SIGN_IDENTITY = "iPhone Developer";
				COPY_PHASE_STRIP = NO;
				DEBUG_INFORMATION_FORMAT = dwarf;
				ENABLE_STRICT_OBJC_MSGSEND = YES;
				ENABLE_TESTABILITY = YES;
				GCC_C_LANGUAGE_STANDARD = gnu11;
				GCC_DYNAMIC_NO_PIC = NO;
				GCC_NO_COMMON_BLOCKS = YES;
				GCC_OPTIMIZATION_LEVEL = 0;
				GCC_PREPROCESSOR_DEFINITIONS = (
					"DEBUG=1",
					"$(inherited)",
				);
				GCC_WARN_64_TO_32_BIT_CONVERSION = YES;
				GCC_WARN_ABOUT_RETURN_TYPE = YES_ERROR;
				GCC_WARN_UNDECLARED_SELECTOR = YES;
				GCC_WARN_UNINITIALIZED_AUTOS = YES_AGGRESSIVE;
				GCC_WARN_UNUSED_FUNCTION = YES;
				GCC_WARN_UNUSED_VARIABLE = YES;
				IPHONEOS_DEPLOYMENT_TARGET = 10.0;
				MTL_ENABLE_DEBUG_INFO = INCLUDE_SOURCE;
				MTL_FAST_MATH = YES;
				ONLY_ACTIVE_ARCH = YES;
				SDKROOT = iphoneos;
				SWIFT_ACTIVE_COMPILATION_CONDITIONS = DEBUG;
				SWIFT_OPTIMIZATION_LEVEL = "-Onone";
			};
			name = Debug;
		};
		797CBE9622A420C900482019 /* Release */ = {
			isa = XCBuildConfiguration;
			buildSettings = {
				ALWAYS_SEARCH_USER_PATHS = NO;
				CLANG_ANALYZER_NONNULL = YES;
				CLANG_ANALYZER_NUMBER_OBJECT_CONVERSION = YES_AGGRESSIVE;
				CLANG_CXX_LANGUAGE_STANDARD = "gnu++14";
				CLANG_CXX_LIBRARY = "libc++";
				CLANG_ENABLE_MODULES = YES;
				CLANG_ENABLE_OBJC_ARC = YES;
				CLANG_ENABLE_OBJC_WEAK = YES;
				CLANG_WARN_BLOCK_CAPTURE_AUTORELEASING = YES;
				CLANG_WARN_BOOL_CONVERSION = YES;
				CLANG_WARN_COMMA = YES;
				CLANG_WARN_CONSTANT_CONVERSION = YES;
				CLANG_WARN_DEPRECATED_OBJC_IMPLEMENTATIONS = YES;
				CLANG_WARN_DIRECT_OBJC_ISA_USAGE = YES_ERROR;
				CLANG_WARN_DOCUMENTATION_COMMENTS = YES;
				CLANG_WARN_EMPTY_BODY = YES;
				CLANG_WARN_ENUM_CONVERSION = YES;
				CLANG_WARN_INFINITE_RECURSION = YES;
				CLANG_WARN_INT_CONVERSION = YES;
				CLANG_WARN_NON_LITERAL_NULL_CONVERSION = YES;
				CLANG_WARN_OBJC_IMPLICIT_RETAIN_SELF = YES;
				CLANG_WARN_OBJC_LITERAL_CONVERSION = YES;
				CLANG_WARN_OBJC_ROOT_CLASS = YES_ERROR;
				CLANG_WARN_RANGE_LOOP_ANALYSIS = YES;
				CLANG_WARN_STRICT_PROTOTYPES = YES;
				CLANG_WARN_SUSPICIOUS_MOVE = YES;
				CLANG_WARN_UNGUARDED_AVAILABILITY = YES_AGGRESSIVE;
				CLANG_WARN_UNREACHABLE_CODE = YES;
				CLANG_WARN__DUPLICATE_METHOD_MATCH = YES;
				CODE_SIGN_IDENTITY = "iPhone Developer";
				COPY_PHASE_STRIP = NO;
				DEBUG_INFORMATION_FORMAT = "dwarf-with-dsym";
				ENABLE_NS_ASSERTIONS = NO;
				ENABLE_STRICT_OBJC_MSGSEND = YES;
				GCC_C_LANGUAGE_STANDARD = gnu11;
				GCC_NO_COMMON_BLOCKS = YES;
				GCC_WARN_64_TO_32_BIT_CONVERSION = YES;
				GCC_WARN_ABOUT_RETURN_TYPE = YES_ERROR;
				GCC_WARN_UNDECLARED_SELECTOR = YES;
				GCC_WARN_UNINITIALIZED_AUTOS = YES_AGGRESSIVE;
				GCC_WARN_UNUSED_FUNCTION = YES;
				GCC_WARN_UNUSED_VARIABLE = YES;
				IPHONEOS_DEPLOYMENT_TARGET = 10.0;
				MTL_ENABLE_DEBUG_INFO = NO;
				MTL_FAST_MATH = YES;
				SDKROOT = iphoneos;
				SWIFT_COMPILATION_MODE = wholemodule;
				SWIFT_OPTIMIZATION_LEVEL = "-O";
				VALIDATE_PRODUCT = YES;
			};
			name = Release;
		};
		797CBE9822A420C900482019 /* Debug */ = {
			isa = XCBuildConfiguration;
			baseConfigurationReference = 2BF75D697787DF30B66EDF1C /* Pods-SwvlTask.debug.xcconfig */;
			buildSettings = {
				ASSETCATALOG_COMPILER_APPICON_NAME = AppIcon;
				CODE_SIGN_STYLE = Automatic;
				INFOPLIST_FILE = SwvlTask/Info.plist;
				LD_RUNPATH_SEARCH_PATHS = (
					"$(inherited)",
					"@executable_path/Frameworks",
				);
				PRODUCT_BUNDLE_IDENTIFIER = mina.SwvlTask;
				PRODUCT_NAME = "$(TARGET_NAME)";
				SWIFT_VERSION = 4.2;
				TARGETED_DEVICE_FAMILY = "1,2";
			};
			name = Debug;
		};
		797CBE9922A420C900482019 /* Release */ = {
			isa = XCBuildConfiguration;
			baseConfigurationReference = A63620CBC45621E54D3996D8 /* Pods-SwvlTask.release.xcconfig */;
			buildSettings = {
				ASSETCATALOG_COMPILER_APPICON_NAME = AppIcon;
				CODE_SIGN_STYLE = Automatic;
				INFOPLIST_FILE = SwvlTask/Info.plist;
				LD_RUNPATH_SEARCH_PATHS = (
					"$(inherited)",
					"@executable_path/Frameworks",
				);
				PRODUCT_BUNDLE_IDENTIFIER = mina.SwvlTask;
				PRODUCT_NAME = "$(TARGET_NAME)";
				SWIFT_VERSION = 4.2;
				TARGETED_DEVICE_FAMILY = "1,2";
			};
			name = Release;
		};
		797CBE9B22A420C900482019 /* Debug */ = {
			isa = XCBuildConfiguration;
			baseConfigurationReference = ABFD3EA4150AC971DBB9E994 /* Pods-SwvlTaskTests.debug.xcconfig */;
			buildSettings = {
				ALWAYS_EMBED_SWIFT_STANDARD_LIBRARIES = YES;
				BUNDLE_LOADER = "$(TEST_HOST)";
				CODE_SIGN_STYLE = Automatic;
				INFOPLIST_FILE = SwvlTaskTests/Info.plist;
				LD_RUNPATH_SEARCH_PATHS = (
					"$(inherited)",
					"@executable_path/Frameworks",
					"@loader_path/Frameworks",
				);
				PRODUCT_BUNDLE_IDENTIFIER = mina.SwvlTaskTests;
				PRODUCT_NAME = "$(TARGET_NAME)";
				SWIFT_VERSION = 4.2;
				TARGETED_DEVICE_FAMILY = "1,2";
				TEST_HOST = "$(BUILT_PRODUCTS_DIR)/SwvlTask.app/SwvlTask";
			};
			name = Debug;
		};
		797CBE9C22A420C900482019 /* Release */ = {
			isa = XCBuildConfiguration;
			baseConfigurationReference = EF1EE09A6FC66871C991C1B3 /* Pods-SwvlTaskTests.release.xcconfig */;
			buildSettings = {
				ALWAYS_EMBED_SWIFT_STANDARD_LIBRARIES = YES;
				BUNDLE_LOADER = "$(TEST_HOST)";
				CODE_SIGN_STYLE = Automatic;
				INFOPLIST_FILE = SwvlTaskTests/Info.plist;
				LD_RUNPATH_SEARCH_PATHS = (
					"$(inherited)",
					"@executable_path/Frameworks",
					"@loader_path/Frameworks",
				);
				PRODUCT_BUNDLE_IDENTIFIER = mina.SwvlTaskTests;
				PRODUCT_NAME = "$(TARGET_NAME)";
				SWIFT_VERSION = 4.2;
				TARGETED_DEVICE_FAMILY = "1,2";
				TEST_HOST = "$(BUILT_PRODUCTS_DIR)/SwvlTask.app/SwvlTask";
			};
			name = Release;
		};
		797CBE9E22A420C900482019 /* Debug */ = {
			isa = XCBuildConfiguration;
			baseConfigurationReference = E123F8D4829921F9F6E32103 /* Pods-SwvlTaskUITests.debug.xcconfig */;
			buildSettings = {
				ALWAYS_EMBED_SWIFT_STANDARD_LIBRARIES = YES;
				CODE_SIGN_STYLE = Automatic;
				INFOPLIST_FILE = SwvlTaskUITests/Info.plist;
				LD_RUNPATH_SEARCH_PATHS = (
					"$(inherited)",
					"@executable_path/Frameworks",
					"@loader_path/Frameworks",
				);
				PRODUCT_BUNDLE_IDENTIFIER = mina.SwvlTaskUITests;
				PRODUCT_NAME = "$(TARGET_NAME)";
				SWIFT_VERSION = 4.2;
				TARGETED_DEVICE_FAMILY = "1,2";
				TEST_TARGET_NAME = SwvlTask;
			};
			name = Debug;
		};
		797CBE9F22A420C900482019 /* Release */ = {
			isa = XCBuildConfiguration;
			baseConfigurationReference = 04CDC9F5D4E9D72EBD7DF5EC /* Pods-SwvlTaskUITests.release.xcconfig */;
			buildSettings = {
				ALWAYS_EMBED_SWIFT_STANDARD_LIBRARIES = YES;
				CODE_SIGN_STYLE = Automatic;
				INFOPLIST_FILE = SwvlTaskUITests/Info.plist;
				LD_RUNPATH_SEARCH_PATHS = (
					"$(inherited)",
					"@executable_path/Frameworks",
					"@loader_path/Frameworks",
				);
				PRODUCT_BUNDLE_IDENTIFIER = mina.SwvlTaskUITests;
				PRODUCT_NAME = "$(TARGET_NAME)";
				SWIFT_VERSION = 4.2;
				TARGETED_DEVICE_FAMILY = "1,2";
				TEST_TARGET_NAME = SwvlTask;
			};
			name = Release;
		};
/* End XCBuildConfiguration section */

/* Begin XCConfigurationList section */
		797CBE6722A420C200482019 /* Build configuration list for PBXProject "SwvlTask" */ = {
			isa = XCConfigurationList;
			buildConfigurations = (
				797CBE9522A420C900482019 /* Debug */,
				797CBE9622A420C900482019 /* Release */,
			);
			defaultConfigurationIsVisible = 0;
			defaultConfigurationName = Release;
		};
		797CBE9722A420C900482019 /* Build configuration list for PBXNativeTarget "SwvlTask" */ = {
			isa = XCConfigurationList;
			buildConfigurations = (
				797CBE9822A420C900482019 /* Debug */,
				797CBE9922A420C900482019 /* Release */,
			);
			defaultConfigurationIsVisible = 0;
			defaultConfigurationName = Release;
		};
		797CBE9A22A420C900482019 /* Build configuration list for PBXNativeTarget "SwvlTaskTests" */ = {
			isa = XCConfigurationList;
			buildConfigurations = (
				797CBE9B22A420C900482019 /* Debug */,
				797CBE9C22A420C900482019 /* Release */,
			);
			defaultConfigurationIsVisible = 0;
			defaultConfigurationName = Release;
		};
		797CBE9D22A420C900482019 /* Build configuration list for PBXNativeTarget "SwvlTaskUITests" */ = {
			isa = XCConfigurationList;
			buildConfigurations = (
				797CBE9E22A420C900482019 /* Debug */,
				797CBE9F22A420C900482019 /* Release */,
			);
			defaultConfigurationIsVisible = 0;
			defaultConfigurationName = Release;
		};
/* End XCConfigurationList section */

/* Begin XCVersionGroup section */
		797CBE7622A420C200482019 /* SwvlTask.xcdatamodeld */ = {
			isa = XCVersionGroup;
			children = (
				797CBE7722A420C200482019 /* SwvlTask.xcdatamodel */,
			);
			currentVersion = 797CBE7722A420C200482019 /* SwvlTask.xcdatamodel */;
			path = SwvlTask.xcdatamodeld;
			sourceTree = "<group>";
			versionGroupType = wrapper.xcdatamodel;
		};
/* End XCVersionGroup section */
	};
	rootObject = 797CBE6422A420C200482019 /* Project object */;
}
